
Microsoft Visual Studio Solution File, Format Version 12.00
# Visual Studio Version 17
VisualStudioVersion = 17.9.34728.123
MinimumVisualStudioVersion = 10.0.40219.1
Project("{2150E333-8FDC-42A3-9474-1A3956D46DE8}") = "src", "src", "{AF44F7E9-98C5-4C80-BA69-948715D0B2E7}"
EndProject
Project("{2150E333-8FDC-42A3-9474-1A3956D46DE8}") = "BackEnd", "BackEnd", "{0B207119-020F-41C5-B52F-398BE169EEBA}"
EndProject
Project("{2150E333-8FDC-42A3-9474-1A3956D46DE8}") = "FrontEnd", "FrontEnd", "{48E1C3F2-D9B0-49A3-9E2B-A25DF2C0FA8F}"
EndProject
Project("{2150E333-8FDC-42A3-9474-1A3956D46DE8}") = "Common", "Common", "{7CD2B40E-8247-4CE9-B465-C2AA6C90DA9D}"
EndProject
Project("{2150E333-8FDC-42A3-9474-1A3956D46DE8}") = "Infraestructure", "Infraestructure", "{B3673CD4-41E8-47BE-B196-A19FF3F6E25E}"
EndProject
Project("{9A19103F-16F7-4668-BE54-9A1E7A4F7556}") = "BoletoBus.Common.Data", "BoletoBus.Common.Data\BoletoBus.Common.Data.csproj", "{E2503AD1-6961-4826-8554-9340741D103E}"
EndProject
Project("{9A19103F-16F7-4668-BE54-9A1E7A4F7556}") = "BoletoBus.Infraestructure", "BoletoBus.Infraestructure\BoletoBus.Infraestructure.csproj", "{26F95682-4E64-43C0-8D94-B7E6552EE12F}"
EndProject
Project("{2150E333-8FDC-42A3-9474-1A3956D46DE8}") = "Modules", "Modules", "{6DB9A09E-7E54-44AB-BC6C-D23DABBA4D56}"
EndProject
Project("{2150E333-8FDC-42A3-9474-1A3956D46DE8}") = "Viaje Management", "Viaje Management", "{89E32BE3-751A-4B1A-9896-97CBE5E3344E}"
EndProject
Project("{2150E333-8FDC-42A3-9474-1A3956D46DE8}") = "Api", "Api", "{005B06AD-8C93-4142-B396-4728B7ECAD0E}"
EndProject
Project("{2150E333-8FDC-42A3-9474-1A3956D46DE8}") = "Application", "Application", "{C4140122-B55D-406B-B8AC-3BE29FD24300}"
EndProject
Project("{2150E333-8FDC-42A3-9474-1A3956D46DE8}") = "Domain", "Domain", "{1A4B3944-01C4-436B-8FA6-55DBFF7C2F25}"
EndProject
Project("{2150E333-8FDC-42A3-9474-1A3956D46DE8}") = "Persistence", "Persistence", "{1549F358-D56A-4CA6-B3E4-B7CA29B87BAE}"
EndProject
Project("{9A19103F-16F7-4668-BE54-9A1E7A4F7556}") = "BoletoBus.Viaje.Api", "BoletoBus.Viaje.Api\BoletoBus.Viaje.Api.csproj", "{468DA678-7698-4876-9DF8-F3182CFF498C}"
EndProject
Project("{9A19103F-16F7-4668-BE54-9A1E7A4F7556}") = "BoletoBus.Viaje.Domain", "BoletoBus.Viaje.Domain\BoletoBus.Viaje.Domain.csproj", "{B133862A-9FFD-40B1-AFBA-ADDD9B7BDABF}"
EndProject
Project("{9A19103F-16F7-4668-BE54-9A1E7A4F7556}") = "BoletoBus.Viaje.Persistance", "BoletoBus.Viaje.Persistance\BoletoBus.Viaje.Persistance.csproj", "{360027EC-A293-4C3F-8CEA-FA3107CB1E7C}"
EndProject
Project("{9A19103F-16F7-4668-BE54-9A1E7A4F7556}") = "BoletoBus.Viaje.Application", "BoletoBus.Viaje.Application\BoletoBus.Viaje.Application.csproj", "{1ADE76F9-B56C-4601-A70F-B4BA1208D31F}"
EndProject
Project("{2150E333-8FDC-42A3-9474-1A3956D46DE8}") = "Empleado Management", "Empleado Management", "{6F9D1A11-351A-4AE0-84EA-BC167327FF2F}"
EndProject
Project("{2150E333-8FDC-42A3-9474-1A3956D46DE8}") = "Api", "Api", "{25015632-F7F2-4AE3-ACDC-2820146807DC}"
EndProject
Project("{2150E333-8FDC-42A3-9474-1A3956D46DE8}") = "Application", "Application", "{693DDB60-D7F3-40F4-996A-F97442522C48}"
EndProject
Project("{2150E333-8FDC-42A3-9474-1A3956D46DE8}") = "Domain", "Domain", "{8A03C6CF-B9B1-422A-8D7A-7CB76735790A}"
EndProject
Project("{2150E333-8FDC-42A3-9474-1A3956D46DE8}") = "Persistence", "Persistence", "{A9EC59C8-A53D-4B99-973D-ED0DC603B5DC}"
EndProject
Project("{FAE04EC0-301F-11D3-BF4B-00C04F79EFBC}") = "BoletoBus.Empleado.Api", "BoletoBus.Empleado.Api\BoletoBus.Empleado.Api.csproj", "{B0F8A71C-AC9F-4BD6-8EB1-B5292A600662}"
EndProject
Project("{FAE04EC0-301F-11D3-BF4B-00C04F79EFBC}") = "BoletoBus.Empleado.Application", "BoletoBus.Empleado.Application\BoletoBus.Empleado.Application.csproj", "{67E0801D-34D0-4BC7-936E-14701E3D2F0B}"
EndProject
Global
	GlobalSection(SolutionConfigurationPlatforms) = preSolution
		Debug|Any CPU = Debug|Any CPU
		Release|Any CPU = Release|Any CPU
	EndGlobalSection
	GlobalSection(ProjectConfigurationPlatforms) = postSolution
		{E2503AD1-6961-4826-8554-9340741D103E}.Debug|Any CPU.ActiveCfg = Debug|Any CPU
		{E2503AD1-6961-4826-8554-9340741D103E}.Debug|Any CPU.Build.0 = Debug|Any CPU
		{E2503AD1-6961-4826-8554-9340741D103E}.Release|Any CPU.ActiveCfg = Release|Any CPU
		{E2503AD1-6961-4826-8554-9340741D103E}.Release|Any CPU.Build.0 = Release|Any CPU
		{26F95682-4E64-43C0-8D94-B7E6552EE12F}.Debug|Any CPU.ActiveCfg = Debug|Any CPU
		{26F95682-4E64-43C0-8D94-B7E6552EE12F}.Debug|Any CPU.Build.0 = Debug|Any CPU
		{26F95682-4E64-43C0-8D94-B7E6552EE12F}.Release|Any CPU.ActiveCfg = Release|Any CPU
		{26F95682-4E64-43C0-8D94-B7E6552EE12F}.Release|Any CPU.Build.0 = Release|Any CPU
		{468DA678-7698-4876-9DF8-F3182CFF498C}.Debug|Any CPU.ActiveCfg = Debug|Any CPU
		{468DA678-7698-4876-9DF8-F3182CFF498C}.Debug|Any CPU.Build.0 = Debug|Any CPU
		{468DA678-7698-4876-9DF8-F3182CFF498C}.Release|Any CPU.ActiveCfg = Release|Any CPU
		{468DA678-7698-4876-9DF8-F3182CFF498C}.Release|Any CPU.Build.0 = Release|Any CPU
		{B133862A-9FFD-40B1-AFBA-ADDD9B7BDABF}.Debug|Any CPU.ActiveCfg = Debug|Any CPU
		{B133862A-9FFD-40B1-AFBA-ADDD9B7BDABF}.Debug|Any CPU.Build.0 = Debug|Any CPU
		{B133862A-9FFD-40B1-AFBA-ADDD9B7BDABF}.Release|Any CPU.ActiveCfg = Release|Any CPU
		{B133862A-9FFD-40B1-AFBA-ADDD9B7BDABF}.Release|Any CPU.Build.0 = Release|Any CPU
		{360027EC-A293-4C3F-8CEA-FA3107CB1E7C}.Debug|Any CPU.ActiveCfg = Debug|Any CPU
		{360027EC-A293-4C3F-8CEA-FA3107CB1E7C}.Debug|Any CPU.Build.0 = Debug|Any CPU
		{360027EC-A293-4C3F-8CEA-FA3107CB1E7C}.Release|Any CPU.ActiveCfg = Release|Any CPU
		{360027EC-A293-4C3F-8CEA-FA3107CB1E7C}.Release|Any CPU.Build.0 = Release|Any CPU
		{1ADE76F9-B56C-4601-A70F-B4BA1208D31F}.Debug|Any CPU.ActiveCfg = Debug|Any CPU
		{1ADE76F9-B56C-4601-A70F-B4BA1208D31F}.Debug|Any CPU.Build.0 = Debug|Any CPU
		{1ADE76F9-B56C-4601-A70F-B4BA1208D31F}.Release|Any CPU.ActiveCfg = Release|Any CPU
		{1ADE76F9-B56C-4601-A70F-B4BA1208D31F}.Release|Any CPU.Build.0 = Release|Any CPU
		{B0F8A71C-AC9F-4BD6-8EB1-B5292A600662}.Debug|Any CPU.ActiveCfg = Debug|Any CPU
		{B0F8A71C-AC9F-4BD6-8EB1-B5292A600662}.Debug|Any CPU.Build.0 = Debug|Any CPU
		{B0F8A71C-AC9F-4BD6-8EB1-B5292A600662}.Release|Any CPU.ActiveCfg = Release|Any CPU
		{B0F8A71C-AC9F-4BD6-8EB1-B5292A600662}.Release|Any CPU.Build.0 = Release|Any CPU
		{67E0801D-34D0-4BC7-936E-14701E3D2F0B}.Debug|Any CPU.ActiveCfg = Debug|Any CPU
		{67E0801D-34D0-4BC7-936E-14701E3D2F0B}.Debug|Any CPU.Build.0 = Debug|Any CPU
		{67E0801D-34D0-4BC7-936E-14701E3D2F0B}.Release|Any CPU.ActiveCfg = Release|Any CPU
		{67E0801D-34D0-4BC7-936E-14701E3D2F0B}.Release|Any CPU.Build.0 = Release|Any CPU
	EndGlobalSection
	GlobalSection(SolutionProperties) = preSolution
		HideSolutionNode = FALSE
	EndGlobalSection
	GlobalSection(NestedProjects) = preSolution
		{0B207119-020F-41C5-B52F-398BE169EEBA} = {AF44F7E9-98C5-4C80-BA69-948715D0B2E7}
		{48E1C3F2-D9B0-49A3-9E2B-A25DF2C0FA8F} = {AF44F7E9-98C5-4C80-BA69-948715D0B2E7}
		{7CD2B40E-8247-4CE9-B465-C2AA6C90DA9D} = {0B207119-020F-41C5-B52F-398BE169EEBA}
		{B3673CD4-41E8-47BE-B196-A19FF3F6E25E} = {0B207119-020F-41C5-B52F-398BE169EEBA}
		{E2503AD1-6961-4826-8554-9340741D103E} = {7CD2B40E-8247-4CE9-B465-C2AA6C90DA9D}
		{26F95682-4E64-43C0-8D94-B7E6552EE12F} = {B3673CD4-41E8-47BE-B196-A19FF3F6E25E}
		{6DB9A09E-7E54-44AB-BC6C-D23DABBA4D56} = {0B207119-020F-41C5-B52F-398BE169EEBA}
		{89E32BE3-751A-4B1A-9896-97CBE5E3344E} = {6DB9A09E-7E54-44AB-BC6C-D23DABBA4D56}
		{005B06AD-8C93-4142-B396-4728B7ECAD0E} = {89E32BE3-751A-4B1A-9896-97CBE5E3344E}
		{C4140122-B55D-406B-B8AC-3BE29FD24300} = {89E32BE3-751A-4B1A-9896-97CBE5E3344E}
		{1A4B3944-01C4-436B-8FA6-55DBFF7C2F25} = {89E32BE3-751A-4B1A-9896-97CBE5E3344E}
		{1549F358-D56A-4CA6-B3E4-B7CA29B87BAE} = {89E32BE3-751A-4B1A-9896-97CBE5E3344E}
		{468DA678-7698-4876-9DF8-F3182CFF498C} = {005B06AD-8C93-4142-B396-4728B7ECAD0E}
		{B133862A-9FFD-40B1-AFBA-ADDD9B7BDABF} = {1A4B3944-01C4-436B-8FA6-55DBFF7C2F25}
		{360027EC-A293-4C3F-8CEA-FA3107CB1E7C} = {1549F358-D56A-4CA6-B3E4-B7CA29B87BAE}
		{1ADE76F9-B56C-4601-A70F-B4BA1208D31F} = {C4140122-B55D-406B-B8AC-3BE29FD24300}
		{6F9D1A11-351A-4AE0-84EA-BC167327FF2F} = {6DB9A09E-7E54-44AB-BC6C-D23DABBA4D56}
		{25015632-F7F2-4AE3-ACDC-2820146807DC} = {6F9D1A11-351A-4AE0-84EA-BC167327FF2F}
		{693DDB60-D7F3-40F4-996A-F97442522C48} = {6F9D1A11-351A-4AE0-84EA-BC167327FF2F}
		{8A03C6CF-B9B1-422A-8D7A-7CB76735790A} = {6F9D1A11-351A-4AE0-84EA-BC167327FF2F}
		{A9EC59C8-A53D-4B99-973D-ED0DC603B5DC} = {6F9D1A11-351A-4AE0-84EA-BC167327FF2F}
		{B0F8A71C-AC9F-4BD6-8EB1-B5292A600662} = {25015632-F7F2-4AE3-ACDC-2820146807DC}
		{67E0801D-34D0-4BC7-936E-14701E3D2F0B} = {693DDB60-D7F3-40F4-996A-F97442522C48}
	EndGlobalSection
	GlobalSection(ExtensibilityGlobals) = postSolution
		SolutionGuid = {28DBF8F6-93A1-4F90-ABBF-DF1DB672F0E5}
	EndGlobalSection
EndGlobal
